
Microsoft Visual Studio Solution File, Format Version 12.00
# Visual Studio Version 16
VisualStudioVersion = 16.0.31624.102
MinimumVisualStudioVersion = 10.0.40219.1
Project("{FAE04EC0-301F-11D3-BF4B-00C04F79EFBC}") = "NetCoreReactJS", "NetCoreReactJS.csproj", "{012DB931-4FC6-4D35-874C-3C600912BBBA}"
EndProject
Global
	GlobalSection(SolutionConfigurationPlatforms) = preSolution
		Debug|Any CPU = Debug|Any CPU
		Release|Any CPU = Release|Any CPU
	EndGlobalSection
	GlobalSection(ProjectConfigurationPlatforms) = postSolution
		{012DB931-4FC6-4D35-874C-3C600912BBBA}.Debug|Any CPU.ActiveCfg = Debug|Any CPU
		{012DB931-4FC6-4D35-874C-3C600912BBBA}.Debug|Any CPU.Build.0 = Debug|Any CPU
		{012DB931-4FC6-4D35-874C-3C600912BBBA}.Release|Any CPU.ActiveCfg = Release|Any CPU
		{012DB931-4FC6-4D35-874C-3C600912BBBA}.Release|Any CPU.Build.0 = Release|Any CPU
	EndGlobalSection
	GlobalSection(SolutionProperties) = preSolution
		HideSolutionNode = FALSE
	EndGlobalSection
	GlobalSection(ExtensibilityGlobals) = postSolution
		SolutionGuid = {43F40854-C872-4EA8-A6F9-46D420B00A44}
	EndGlobalSection
EndGlobal
